
Microsoft Visual Studio Solution File, Format Version 12.00
# Visual Studio Version 17
VisualStudioVersion = 17.0.31903.59
MinimumVisualStudioVersion = 10.0.40219.1
Project("{FAE04EC0-301F-11D3-BF4B-00C04F79EFBC}") = "ExampleAPI", "ExampleAPI\ExampleAPI.csproj", "{A3650FB4-A547-4D76-9ED6-FD166DE7C721}"
EndProject
Project("{FAE04EC0-301F-11D3-BF4B-00C04F79EFBC}") = "ExampleAPI.Tests", "ExampleAPI.Tests\ExampleAPI.Tests.csproj", "{CE1FA7F2-A605-4304-B462-158ABA46C75B}"
EndProject
Global
	GlobalSection(SolutionConfigurationPlatforms) = preSolution
		Debug|Any CPU = Debug|Any CPU
		Release|Any CPU = Release|Any CPU
	EndGlobalSection
	GlobalSection(SolutionProperties) = preSolution
		HideSolutionNode = FALSE
	EndGlobalSection
	GlobalSection(ProjectConfigurationPlatforms) = postSolution
		{A3650FB4-A547-4D76-9ED6-FD166DE7C721}.Debug|Any CPU.ActiveCfg = Debug|Any CPU
		{A3650FB4-A547-4D76-9ED6-FD166DE7C721}.Debug|Any CPU.Build.0 = Debug|Any CPU
		{A3650FB4-A547-4D76-9ED6-FD166DE7C721}.Release|Any CPU.ActiveCfg = Release|Any CPU
		{A3650FB4-A547-4D76-9ED6-FD166DE7C721}.Release|Any CPU.Build.0 = Release|Any CPU
		{CE1FA7F2-A605-4304-B462-158ABA46C75B}.Debug|Any CPU.ActiveCfg = Debug|Any CPU
		{CE1FA7F2-A605-4304-B462-158ABA46C75B}.Debug|Any CPU.Build.0 = Debug|Any CPU
		{CE1FA7F2-A605-4304-B462-158ABA46C75B}.Release|Any CPU.ActiveCfg = Release|Any CPU
		{CE1FA7F2-A605-4304-B462-158ABA46C75B}.Release|Any CPU.Build.0 = Release|Any CPU
	EndGlobalSection
EndGlobal
